
Microsoft Visual Studio Solution File, Format Version 12.00
# Visual Studio Version 17
VisualStudioVersion = 17.7.34024.191
MinimumVisualStudioVersion = 10.0.40219.1
Project("{FAE04EC0-301F-11D3-BF4B-00C04F79EFBC}") = "Istanbul_Secim", "Istanbul_Secim\Istanbul_Secim.csproj", "{2B097454-588B-4AA9-93CF-6A9C9C26387C}"
EndProject
Global
	GlobalSection(SolutionConfigurationPlatforms) = preSolution
		Debug|Any CPU = Debug|Any CPU
		Release|Any CPU = Release|Any CPU
	EndGlobalSection
	GlobalSection(ProjectConfigurationPlatforms) = postSolution
		{2B097454-588B-4AA9-93CF-6A9C9C26387C}.Debug|Any CPU.ActiveCfg = Debug|Any CPU
		{2B097454-588B-4AA9-93CF-6A9C9C26387C}.Debug|Any CPU.Build.0 = Debug|Any CPU
		{2B097454-588B-4AA9-93CF-6A9C9C26387C}.Release|Any CPU.ActiveCfg = Release|Any CPU
		{2B097454-588B-4AA9-93CF-6A9C9C26387C}.Release|Any CPU.Build.0 = Release|Any CPU
	EndGlobalSection
	GlobalSection(SolutionProperties) = preSolution
		HideSolutionNode = FALSE
	EndGlobalSection
	GlobalSection(ExtensibilityGlobals) = postSolution
		SolutionGuid = {5EA12F48-F8D9-471D-A6F0-15A2EB1D5130}
	EndGlobalSection
EndGlobal
